// !$*UTF8*$!
{
	archiveVersion = 1;
	classes = {
	};
	objectVersion = 50;
	objects = {

/* Begin PBXBuildFile section */
		434985A0231AB72300805FF5 /* Formulas.swift in Sources */ = {isa = PBXBuildFile; fileRef = 4349859F231AB72300805FF5 /* Formulas.swift */; };
		434985A2231AB75100805FF5 /* Formatters.swift in Sources */ = {isa = PBXBuildFile; fileRef = 434985A1231AB75100805FF5 /* Formatters.swift */; };
		434985A6231AB8E800805FF5 /* YourProfile.swift in Sources */ = {isa = PBXBuildFile; fileRef = 434985A5231AB8E800805FF5 /* YourProfile.swift */; };
		434985A9231AB92D00805FF5 /* Gender.swift in Sources */ = {isa = PBXBuildFile; fileRef = 434985A8231AB92D00805FF5 /* Gender.swift */; };
		434985AB231AB95A00805FF5 /* ActivityLevel.swift in Sources */ = {isa = PBXBuildFile; fileRef = 434985AA231AB95A00805FF5 /* ActivityLevel.swift */; };
		434985AD231AB98200805FF5 /* PersonalProfile.swift in Sources */ = {isa = PBXBuildFile; fileRef = 434985AC231AB98200805FF5 /* PersonalProfile.swift */; };
		434985AF231ABA5800805FF5 /* RestingEnergyExpenditure.swift in Sources */ = {isa = PBXBuildFile; fileRef = 434985AE231ABA5800805FF5 /* RestingEnergyExpenditure.swift */; };
		434985B2231AC3C500805FF5 /* ActiveEnergyExpenditure.swift in Sources */ = {isa = PBXBuildFile; fileRef = 434985B1231AC3C500805FF5 /* ActiveEnergyExpenditure.swift */; };
		434985B4231AC95200805FF5 /* TotalDailyEnergyExpenditure.swift in Sources */ = {isa = PBXBuildFile; fileRef = 434985B3231AC95200805FF5 /* TotalDailyEnergyExpenditure.swift */; };
		434985B6231BA4AD00805FF5 /* TabContainer.swift in Sources */ = {isa = PBXBuildFile; fileRef = 434985B5231BA4AD00805FF5 /* TabContainer.swift */; };
		434985B8231BA5AC00805FF5 /* Constants.swift in Sources */ = {isa = PBXBuildFile; fileRef = 434985B7231BA5AC00805FF5 /* Constants.swift */; };
		43E91769231A446900832AE1 /* AppDelegate.swift in Sources */ = {isa = PBXBuildFile; fileRef = 43E91768231A446900832AE1 /* AppDelegate.swift */; };
		43E9176B231A446900832AE1 /* SceneDelegate.swift in Sources */ = {isa = PBXBuildFile; fileRef = 43E9176A231A446900832AE1 /* SceneDelegate.swift */; };
		43E9176D231A446900832AE1 /* ContentView.swift in Sources */ = {isa = PBXBuildFile; fileRef = 43E9176C231A446900832AE1 /* ContentView.swift */; };
		43E9176F231A446A00832AE1 /* Assets.xcassets in Resources */ = {isa = PBXBuildFile; fileRef = 43E9176E231A446A00832AE1 /* Assets.xcassets */; };
		43E91772231A446A00832AE1 /* Preview Assets.xcassets in Resources */ = {isa = PBXBuildFile; fileRef = 43E91771231A446A00832AE1 /* Preview Assets.xcassets */; };
		43E91775231A446A00832AE1 /* LaunchScreen.storyboard in Resources */ = {isa = PBXBuildFile; fileRef = 43E91773231A446A00832AE1 /* LaunchScreen.storyboard */; };
/* End PBXBuildFile section */

/* Begin PBXFileReference section */
		4349859F231AB72300805FF5 /* Formulas.swift */ = {isa = PBXFileReference; lastKnownFileType = sourcecode.swift; path = Formulas.swift; sourceTree = "<group>"; };
		434985A1231AB75100805FF5 /* Formatters.swift */ = {isa = PBXFileReference; lastKnownFileType = sourcecode.swift; path = Formatters.swift; sourceTree = "<group>"; };
		434985A5231AB8E800805FF5 /* YourProfile.swift */ = {isa = PBXFileReference; lastKnownFileType = sourcecode.swift; path = YourProfile.swift; sourceTree = "<group>"; };
		434985A8231AB92D00805FF5 /* Gender.swift */ = {isa = PBXFileReference; lastKnownFileType = sourcecode.swift; path = Gender.swift; sourceTree = "<group>"; };
		434985AA231AB95A00805FF5 /* ActivityLevel.swift */ = {isa = PBXFileReference; lastKnownFileType = sourcecode.swift; path = ActivityLevel.swift; sourceTree = "<group>"; };
		434985AC231AB98200805FF5 /* PersonalProfile.swift */ = {isa = PBXFileReference; lastKnownFileType = sourcecode.swift; path = PersonalProfile.swift; sourceTree = "<group>"; };
		434985AE231ABA5800805FF5 /* RestingEnergyExpenditure.swift */ = {isa = PBXFileReference; lastKnownFileType = sourcecode.swift; path = RestingEnergyExpenditure.swift; sourceTree = "<group>"; };
		434985B1231AC3C500805FF5 /* ActiveEnergyExpenditure.swift */ = {isa = PBXFileReference; lastKnownFileType = sourcecode.swift; path = ActiveEnergyExpenditure.swift; sourceTree = "<group>"; };
		434985B3231AC95200805FF5 /* TotalDailyEnergyExpenditure.swift */ = {isa = PBXFileReference; lastKnownFileType = sourcecode.swift; path = TotalDailyEnergyExpenditure.swift; sourceTree = "<group>"; };
		434985B5231BA4AD00805FF5 /* TabContainer.swift */ = {isa = PBXFileReference; lastKnownFileType = sourcecode.swift; path = TabContainer.swift; sourceTree = "<group>"; };
		434985B7231BA5AC00805FF5 /* Constants.swift */ = {isa = PBXFileReference; lastKnownFileType = sourcecode.swift; path = Constants.swift; sourceTree = "<group>"; };
		43E91765231A446900832AE1 /* Anthropometrics Standard.app */ = {isa = PBXFileReference; explicitFileType = wrapper.application; includeInIndex = 0; path = "Anthropometrics Standard.app"; sourceTree = BUILT_PRODUCTS_DIR; };
		43E91768231A446900832AE1 /* AppDelegate.swift */ = {isa = PBXFileReference; lastKnownFileType = sourcecode.swift; path = AppDelegate.swift; sourceTree = "<group>"; };
		43E9176A231A446900832AE1 /* SceneDelegate.swift */ = {isa = PBXFileReference; lastKnownFileType = sourcecode.swift; path = SceneDelegate.swift; sourceTree = "<group>"; };
		43E9176C231A446900832AE1 /* ContentView.swift */ = {isa = PBXFileReference; lastKnownFileType = sourcecode.swift; path = ContentView.swift; sourceTree = "<group>"; };
		43E9176E231A446A00832AE1 /* Assets.xcassets */ = {isa = PBXFileReference; lastKnownFileType = folder.assetcatalog; path = Assets.xcassets; sourceTree = "<group>"; };
		43E91771231A446A00832AE1 /* Preview Assets.xcassets */ = {isa = PBXFileReference; lastKnownFileType = folder.assetcatalog; path = "Preview Assets.xcassets"; sourceTree = "<group>"; };
		43E91774231A446A00832AE1 /* Base */ = {isa = PBXFileReference; lastKnownFileType = file.storyboard; name = Base; path = Base.lproj/LaunchScreen.storyboard; sourceTree = "<group>"; };
		43E91776231A446A00832AE1 /* Info.plist */ = {isa = PBXFileReference; lastKnownFileType = text.plist.xml; path = Info.plist; sourceTree = "<group>"; };
/* End PBXFileReference section */

/* Begin PBXFrameworksBuildPhase section */
		43E91762231A446900832AE1 /* Frameworks */ = {
			isa = PBXFrameworksBuildPhase;
			buildActionMask = 2147483647;
			files = (
			);
			runOnlyForDeploymentPostprocessing = 0;
		};
/* End PBXFrameworksBuildPhase section */

/* Begin PBXGroup section */
		4349859E231AB6FF00805FF5 /* Utilities */ = {
			isa = PBXGroup;
			children = (
				434985A1231AB75100805FF5 /* Formatters.swift */,
				4349859F231AB72300805FF5 /* Formulas.swift */,
				434985B7231BA5AC00805FF5 /* Constants.swift */,
			);
			path = Utilities;
			sourceTree = "<group>";
		};
		434985A3231AB8B000805FF5 /* Views */ = {
			isa = PBXGroup;
			children = (
				434985B1231AC3C500805FF5 /* ActiveEnergyExpenditure.swift */,
				43E9176C231A446900832AE1 /* ContentView.swift */,
				434985AC231AB98200805FF5 /* PersonalProfile.swift */,
				434985AE231ABA5800805FF5 /* RestingEnergyExpenditure.swift */,
				434985B3231AC95200805FF5 /* TotalDailyEnergyExpenditure.swift */,
				434985A5231AB8E800805FF5 /* YourProfile.swift */,
				434985B5231BA4AD00805FF5 /* TabContainer.swift */,
			);
			path = Views;
			sourceTree = "<group>";
		};
		434985A7231AB91B00805FF5 /* Models */ = {
			isa = PBXGroup;
			children = (
				434985AA231AB95A00805FF5 /* ActivityLevel.swift */,
				434985A8231AB92D00805FF5 /* Gender.swift */,
			);
			path = Models;
			sourceTree = "<group>";
		};
		434985B0231ABEEA00805FF5 /* Delegates */ = {
			isa = PBXGroup;
			children = (
				43E91768231A446900832AE1 /* AppDelegate.swift */,
				43E9176A231A446900832AE1 /* SceneDelegate.swift */,
			);
			path = Delegates;
			sourceTree = "<group>";
		};
		43E9175C231A446900832AE1 = {
			isa = PBXGroup;
			children = (
				43E91767231A446900832AE1 /* Anthropometrics Standard */,
				43E91766231A446900832AE1 /* Products */,
			);
			sourceTree = "<group>";
		};
		43E91766231A446900832AE1 /* Products */ = {
			isa = PBXGroup;
			children = (
				43E91765231A446900832AE1 /* Anthropometrics Standard.app */,
			);
			name = Products;
			sourceTree = "<group>";
		};
		43E91767231A446900832AE1 /* Anthropometrics Standard */ = {
			isa = PBXGroup;
			children = (
				434985B0231ABEEA00805FF5 /* Delegates */,
				434985A7231AB91B00805FF5 /* Models */,
				434985A3231AB8B000805FF5 /* Views */,
				4349859E231AB6FF00805FF5 /* Utilities */,
				43E9176E231A446A00832AE1 /* Assets.xcassets */,
				43E91773231A446A00832AE1 /* LaunchScreen.storyboard */,
				43E91776231A446A00832AE1 /* Info.plist */,
				43E91770231A446A00832AE1 /* Preview Content */,
			);
			path = "Anthropometrics Standard";
			sourceTree = "<group>";
		};
		43E91770231A446A00832AE1 /* Preview Content */ = {
			isa = PBXGroup;
			children = (
				43E91771231A446A00832AE1 /* Preview Assets.xcassets */,
			);
			path = "Preview Content";
			sourceTree = "<group>";
		};
/* End PBXGroup section */

/* Begin PBXNativeTarget section */
		43E91764231A446900832AE1 /* Anthropometrics Standard */ = {
			isa = PBXNativeTarget;
			buildConfigurationList = 43E91779231A446A00832AE1 /* Build configuration list for PBXNativeTarget "Anthropometrics Standard" */;
			buildPhases = (
				43E91761231A446900832AE1 /* Sources */,
				43E91762231A446900832AE1 /* Frameworks */,
				43E91763231A446900832AE1 /* Resources */,
			);
			buildRules = (
			);
			dependencies = (
			);
			name = "Anthropometrics Standard";
			productName = "Anthropometrics Standard";
			productReference = 43E91765231A446900832AE1 /* Anthropometrics Standard.app */;
			productType = "com.apple.product-type.application";
		};
/* End PBXNativeTarget section */

/* Begin PBXProject section */
		43E9175D231A446900832AE1 /* Project object */ = {
			isa = PBXProject;
			attributes = {
				LastSwiftUpdateCheck = 1100;
				LastUpgradeCheck = 1100;
				ORGANIZATIONNAME = "Mirai LLP";
				TargetAttributes = {
					43E91764231A446900832AE1 = {
						CreatedOnToolsVersion = 11.0;
					};
				};
			};
			buildConfigurationList = 43E91760231A446900832AE1 /* Build configuration list for PBXProject "Anthropometrics Standard" */;
			compatibilityVersion = "Xcode 9.3";
			developmentRegion = en;
			hasScannedForEncodings = 0;
			knownRegions = (
				en,
				Base,
			);
			mainGroup = 43E9175C231A446900832AE1;
			productRefGroup = 43E91766231A446900832AE1 /* Products */;
			projectDirPath = "";
			projectRoot = "";
			targets = (
				43E91764231A446900832AE1 /* Anthropometrics Standard */,
			);
		};
/* End PBXProject section */

/* Begin PBXResourcesBuildPhase section */
		43E91763231A446900832AE1 /* Resources */ = {
			isa = PBXResourcesBuildPhase;
			buildActionMask = 2147483647;
			files = (
				43E91775231A446A00832AE1 /* LaunchScreen.storyboard in Resources */,
				43E91772231A446A00832AE1 /* Preview Assets.xcassets in Resources */,
				43E9176F231A446A00832AE1 /* Assets.xcassets in Resources */,
			);
			runOnlyForDeploymentPostprocessing = 0;
		};
/* End PBXResourcesBuildPhase section */

/* Begin PBXSourcesBuildPhase section */
		43E91761231A446900832AE1 /* Sources */ = {
			isa = PBXSourcesBuildPhase;
			buildActionMask = 2147483647;
			files = (
				434985A6231AB8E800805FF5 /* YourProfile.swift in Sources */,
				43E91769231A446900832AE1 /* AppDelegate.swift in Sources */,
				434985AF231ABA5800805FF5 /* RestingEnergyExpenditure.swift in Sources */,
				43E9176B231A446900832AE1 /* SceneDelegate.swift in Sources */,
				434985AD231AB98200805FF5 /* PersonalProfile.swift in Sources */,
				434985AB231AB95A00805FF5 /* ActivityLevel.swift in Sources */,
				434985B4231AC95200805FF5 /* TotalDailyEnergyExpenditure.swift in Sources */,
				434985A0231AB72300805FF5 /* Formulas.swift in Sources */,
				434985A2231AB75100805FF5 /* Formatters.swift in Sources */,
				434985B6231BA4AD00805FF5 /* TabContainer.swift in Sources */,
				434985B2231AC3C500805FF5 /* ActiveEnergyExpenditure.swift in Sources */,
				434985B8231BA5AC00805FF5 /* Constants.swift in Sources */,
				43E9176D231A446900832AE1 /* ContentView.swift in Sources */,
				434985A9231AB92D00805FF5 /* Gender.swift in Sources */,
			);
			runOnlyForDeploymentPostprocessing = 0;
		};
/* End PBXSourcesBuildPhase section */

/* Begin PBXVariantGroup section */
		43E91773231A446A00832AE1 /* LaunchScreen.storyboard */ = {
			isa = PBXVariantGroup;
			children = (
				43E91774231A446A00832AE1 /* Base */,
			);
			name = LaunchScreen.storyboard;
			sourceTree = "<group>";
		};
/* End PBXVariantGroup section */

/* Begin XCBuildConfiguration section */
		43E91777231A446A00832AE1 /* Debug */ = {
			isa = XCBuildConfiguration;
			buildSettings = {
				ALWAYS_SEARCH_USER_PATHS = NO;
				CLANG_ANALYZER_NONNULL = YES;
				CLANG_ANALYZER_NUMBER_OBJECT_CONVERSION = YES_AGGRESSIVE;
				CLANG_CXX_LANGUAGE_STANDARD = "gnu++14";
				CLANG_CXX_LIBRARY = "libc++";
				CLANG_ENABLE_MODULES = YES;
				CLANG_ENABLE_OBJC_ARC = YES;
				CLANG_ENABLE_OBJC_WEAK = YES;
				CLANG_WARN_BLOCK_CAPTURE_AUTORELEASING = YES;
				CLANG_WARN_BOOL_CONVERSION = YES;
				CLANG_WARN_COMMA = YES;
				CLANG_WARN_CONSTANT_CONVERSION = YES;
				CLANG_WARN_DEPRECATED_OBJC_IMPLEMENTATIONS = YES;
				CLANG_WARN_DIRECT_OBJC_ISA_USAGE = YES_ERROR;
				CLANG_WARN_DOCUMENTATION_COMMENTS = YES;
				CLANG_WARN_EMPTY_BODY = YES;
				CLANG_WARN_ENUM_CONVERSION = YES;
				CLANG_WARN_INFINITE_RECURSION = YES;
				CLANG_WARN_INT_CONVERSION = YES;
				CLANG_WARN_NON_LITERAL_NULL_CONVERSION = YES;
				CLANG_WARN_OBJC_IMPLICIT_RETAIN_SELF = YES;
				CLANG_WARN_OBJC_LITERAL_CONVERSION = YES;
				CLANG_WARN_OBJC_ROOT_CLASS = YES_ERROR;
				CLANG_WARN_RANGE_LOOP_ANALYSIS = YES;
				CLANG_WARN_STRICT_PROTOTYPES = YES;
				CLANG_WARN_SUSPICIOUS_MOVE = YES;
				CLANG_WARN_UNGUARDED_AVAILABILITY = YES_AGGRESSIVE;
				CLANG_WARN_UNREACHABLE_CODE = YES;
				CLANG_WARN__DUPLICATE_METHOD_MATCH = YES;
				COPY_PHASE_STRIP = NO;
				DEBUG_INFORMATION_FORMAT = dwarf;
				ENABLE_STRICT_OBJC_MSGSEND = YES;
				ENABLE_TESTABILITY = YES;
				GCC_C_LANGUAGE_STANDARD = gnu11;
				GCC_DYNAMIC_NO_PIC = NO;
				GCC_NO_COMMON_BLOCKS = YES;
				GCC_OPTIMIZATION_LEVEL = 0;
				GCC_PREPROCESSOR_DEFINITIONS = (
					"DEBUG=1",
					"$(inherited)",
				);
				GCC_WARN_64_TO_32_BIT_CONVERSION = YES;
				GCC_WARN_ABOUT_RETURN_TYPE = YES_ERROR;
				GCC_WARN_UNDECLARED_SELECTOR = YES;
				GCC_WARN_UNINITIALIZED_AUTOS = YES_AGGRESSIVE;
				GCC_WARN_UNUSED_FUNCTION = YES;
				GCC_WARN_UNUSED_VARIABLE = YES;
				IPHONEOS_DEPLOYMENT_TARGET = 13.0;
				MTL_ENABLE_DEBUG_INFO = INCLUDE_SOURCE;
				MTL_FAST_MATH = YES;
				ONLY_ACTIVE_ARCH = YES;
				SDKROOT = iphoneos;
				SWIFT_ACTIVE_COMPILATION_CONDITIONS = DEBUG;
				SWIFT_OPTIMIZATION_LEVEL = "-Onone";
			};
			name = Debug;
		};
		43E91778231A446A00832AE1 /* Release */ = {
			isa = XCBuildConfiguration;
			buildSettings = {
				ALWAYS_SEARCH_USER_PATHS = NO;
				CLANG_ANALYZER_NONNULL = YES;
				CLANG_ANALYZER_NUMBER_OBJECT_CONVERSION = YES_AGGRESSIVE;
				CLANG_CXX_LANGUAGE_STANDARD = "gnu++14";
				CLANG_CXX_LIBRARY = "libc++";
				CLANG_ENABLE_MODULES = YES;
				CLANG_ENABLE_OBJC_ARC = YES;
				CLANG_ENABLE_OBJC_WEAK = YES;
				CLANG_WARN_BLOCK_CAPTURE_AUTORELEASING = YES;
				CLANG_WARN_BOOL_CONVERSION = YES;
				CLANG_WARN_COMMA = YES;
				CLANG_WARN_CONSTANT_CONVERSION = YES;
				CLANG_WARN_DEPRECATED_OBJC_IMPLEMENTATIONS = YES;
				CLANG_WARN_DIRECT_OBJC_ISA_USAGE = YES_ERROR;
				CLANG_WARN_DOCUMENTATION_COMMENTS = YES;
				CLANG_WARN_EMPTY_BODY = YES;
				CLANG_WARN_ENUM_CONVERSION = YES;
				CLANG_WARN_INFINITE_RECURSION = YES;
				CLANG_WARN_INT_CONVERSION = YES;
				CLANG_WARN_NON_LITERAL_NULL_CONVERSION = YES;
				CLANG_WARN_OBJC_IMPLICIT_RETAIN_SELF = YES;
				CLANG_WARN_OBJC_LITERAL_CONVERSION = YES;
				CLANG_WARN_OBJC_ROOT_CLASS = YES_ERROR;
				CLANG_WARN_RANGE_LOOP_ANALYSIS = YES;
				CLANG_WARN_STRICT_PROTOTYPES = YES;
				CLANG_WARN_SUSPICIOUS_MOVE = YES;
				CLANG_WARN_UNGUARDED_AVAILABILITY = YES_AGGRESSIVE;
				CLANG_WARN_UNREACHABLE_CODE = YES;
				CLANG_WARN__DUPLICATE_METHOD_MATCH = YES;
				COPY_PHASE_STRIP = NO;
				DEBUG_INFORMATION_FORMAT = "dwarf-with-dsym";
				ENABLE_NS_ASSERTIONS = NO;
				ENABLE_STRICT_OBJC_MSGSEND = YES;
				GCC_C_LANGUAGE_STANDARD = gnu11;
				GCC_NO_COMMON_BLOCKS = YES;
				GCC_WARN_64_TO_32_BIT_CONVERSION = YES;
				GCC_WARN_ABOUT_RETURN_TYPE = YES_ERROR;
				GCC_WARN_UNDECLARED_SELECTOR = YES;
				GCC_WARN_UNINITIALIZED_AUTOS = YES_AGGRESSIVE;
				GCC_WARN_UNUSED_FUNCTION = YES;
				GCC_WARN_UNUSED_VARIABLE = YES;
				IPHONEOS_DEPLOYMENT_TARGET = 13.0;
				MTL_ENABLE_DEBUG_INFO = NO;
				MTL_FAST_MATH = YES;
				SDKROOT = iphoneos;
				SWIFT_COMPILATION_MODE = wholemodule;
				SWIFT_OPTIMIZATION_LEVEL = "-O";
				VALIDATE_PRODUCT = YES;
			};
			name = Release;
		};
		43E9177A231A446A00832AE1 /* Debug */ = {
			isa = XCBuildConfiguration;
			buildSettings = {
				ASSETCATALOG_COMPILER_APPICON_NAME = AppIcon;
				CODE_SIGN_STYLE = Automatic;
				DEVELOPMENT_ASSET_PATHS = "\"Anthropometrics Standard/Preview Content\"";
				DEVELOPMENT_TEAM = A5Y6TC99N4;
				ENABLE_PREVIEWS = YES;
				INFOPLIST_FILE = "Anthropometrics Standard/Info.plist";
				LD_RUNPATH_SEARCH_PATHS = (
					"$(inherited)",
					"@executable_path/Frameworks",
				);
				PRODUCT_BUNDLE_IDENTIFIER = "com.mirai-llp.Anthropometrics-Standard";
				PRODUCT_NAME = "$(TARGET_NAME)";
				SWIFT_VERSION = 5.0;
				TARGETED_DEVICE_FAMILY = "1,2";
			};
			name = Debug;
		};
		43E9177B231A446A00832AE1 /* Release */ = {
			isa = XCBuildConfiguration;
			buildSettings = {
				ASSETCATALOG_COMPILER_APPICON_NAME = AppIcon;
				CODE_SIGN_STYLE = Automatic;
				DEVELOPMENT_ASSET_PATHS = "\"Anthropometrics Standard/Preview Content\"";
				DEVELOPMENT_TEAM = A5Y6TC99N4;
				ENABLE_PREVIEWS = YES;
				INFOPLIST_FILE = "Anthropometrics Standard/Info.plist";
				LD_RUNPATH_SEARCH_PATHS = (
					"$(inherited)",
					"@executable_path/Frameworks",
				);
				PRODUCT_BUNDLE_IDENTIFIER = "com.mirai-llp.Anthropometrics-Standard";
				PRODUCT_NAME = "$(TARGET_NAME)";
				SWIFT_VERSION = 5.0;
				TARGETED_DEVICE_FAMILY = "1,2";
			};
			name = Release;
		};
/* End XCBuildConfiguration section */

/* Begin XCConfigurationList section */
		43E91760231A446900832AE1 /* Build configuration list for PBXProject "Anthropometrics Standard" */ = {
			isa = XCConfigurationList;
			buildConfigurations = (
				43E91777231A446A00832AE1 /* Debug */,
				43E91778231A446A00832AE1 /* Release */,
			);
			defaultConfigurationIsVisible = 0;
			defaultConfigurationName = Release;
		};
		43E91779231A446A00832AE1 /* Build configuration list for PBXNativeTarget "Anthropometrics Standard" */ = {
			isa = XCConfigurationList;
			buildConfigurations = (
				43E9177A231A446A00832AE1 /* Debug */,
				43E9177B231A446A00832AE1 /* Release */,
			);
			defaultConfigurationIsVisible = 0;
			defaultConfigurationName = Release;
		};
/* End XCConfigurationList section */
	};
	rootObject = 43E9175D231A446900832AE1 /* Project object */;
}
